// !$*UTF8*$!
{
	archiveVersion = 1;
	classes = {
	};
	objectVersion = 50;
	objects = {

/* Begin PBXBuildFile section */
		18C6675D224513E100D261EB /* AppDelegate.swift in Sources */ = {isa = PBXBuildFile; fileRef = 18C6675C224513E100D261EB /* AppDelegate.swift */; };
		18C6675F224513E100D261EB /* ViewController.swift in Sources */ = {isa = PBXBuildFile; fileRef = 18C6675E224513E100D261EB /* ViewController.swift */; };
		18C66762224513E100D261EB /* Main.storyboard in Resources */ = {isa = PBXBuildFile; fileRef = 18C66760224513E100D261EB /* Main.storyboard */; };
		18C66764224513E400D261EB /* Assets.xcassets in Resources */ = {isa = PBXBuildFile; fileRef = 18C66763224513E400D261EB /* Assets.xcassets */; };
		18C66767224513E400D261EB /* LaunchScreen.storyboard in Resources */ = {isa = PBXBuildFile; fileRef = 18C66765224513E400D261EB /* LaunchScreen.storyboard */; };
		18C667712245168800D261EB /* analy_TVcell.swift in Sources */ = {isa = PBXBuildFile; fileRef = 18C667702245168800D261EB /* analy_TVcell.swift */; };
		18C667732245195200D261EB /* Shadow_view.swift in Sources */ = {isa = PBXBuildFile; fileRef = 18C667722245195200D261EB /* Shadow_view.swift */; };
/* End PBXBuildFile section */

/* Begin PBXFileReference section */
		18C66759224513E100D261EB /* AnalysisGraph.app */ = {isa = PBXFileReference; explicitFileType = wrapper.application; includeInIndex = 0; path = AnalysisGraph.app; sourceTree = BUILT_PRODUCTS_DIR; };
		18C6675C224513E100D261EB /* AppDelegate.swift */ = {isa = PBXFileReference; lastKnownFileType = sourcecode.swift; path = AppDelegate.swift; sourceTree = "<group>"; };
		18C6675E224513E100D261EB /* ViewController.swift */ = {isa = PBXFileReference; lastKnownFileType = sourcecode.swift; path = ViewController.swift; sourceTree = "<group>"; };
		18C66761224513E100D261EB /* Base */ = {isa = PBXFileReference; lastKnownFileType = file.storyboard; name = Base; path = Base.lproj/Main.storyboard; sourceTree = "<group>"; };
		18C66763224513E400D261EB /* Assets.xcassets */ = {isa = PBXFileReference; lastKnownFileType = folder.assetcatalog; path = Assets.xcassets; sourceTree = "<group>"; };
		18C66766224513E400D261EB /* Base */ = {isa = PBXFileReference; lastKnownFileType = file.storyboard; name = Base; path = Base.lproj/LaunchScreen.storyboard; sourceTree = "<group>"; };
		18C66768224513E400D261EB /* Info.plist */ = {isa = PBXFileReference; lastKnownFileType = text.plist.xml; path = Info.plist; sourceTree = "<group>"; };
		18C667702245168800D261EB /* analy_TVcell.swift */ = {isa = PBXFileReference; lastKnownFileType = sourcecode.swift; path = analy_TVcell.swift; sourceTree = "<group>"; };
		18C667722245195200D261EB /* Shadow_view.swift */ = {isa = PBXFileReference; fileEncoding = 4; lastKnownFileType = sourcecode.swift; path = Shadow_view.swift; sourceTree = "<group>"; };
/* End PBXFileReference section */

/* Begin PBXFrameworksBuildPhase section */
		18C66756224513E100D261EB /* Frameworks */ = {
			isa = PBXFrameworksBuildPhase;
			buildActionMask = 2147483647;
			files = (
			);
			runOnlyForDeploymentPostprocessing = 0;
		};
/* End PBXFrameworksBuildPhase section */

/* Begin PBXGroup section */
		18C66750224513E100D261EB = {
			isa = PBXGroup;
			children = (
				18C6675B224513E100D261EB /* AnalysisGraph */,
				18C6675A224513E100D261EB /* Products */,
			);
			sourceTree = "<group>";
		};
		18C6675A224513E100D261EB /* Products */ = {
			isa = PBXGroup;
			children = (
				18C66759224513E100D261EB /* AnalysisGraph.app */,
			);
			name = Products;
			sourceTree = "<group>";
		};
		18C6675B224513E100D261EB /* AnalysisGraph */ = {
			isa = PBXGroup;
			children = (
				18C6675C224513E100D261EB /* AppDelegate.swift */,
				18C6675E224513E100D261EB /* ViewController.swift */,
				18C667702245168800D261EB /* analy_TVcell.swift */,
				18C667722245195200D261EB /* Shadow_view.swift */,
				18C66760224513E100D261EB /* Main.storyboard */,
				18C66763224513E400D261EB /* Assets.xcassets */,
				18C66765224513E400D261EB /* LaunchScreen.storyboard */,
				18C66768224513E400D261EB /* Info.plist */,
			);
			path = AnalysisGraph;
			sourceTree = "<group>";
		};
/* End PBXGroup section */

/* Begin PBXNativeTarget section */
		18C66758224513E100D261EB /* AnalysisGraph */ = {
			isa = PBXNativeTarget;
			buildConfigurationList = 18C6676B224513E400D261EB /* Build configuration list for PBXNativeTarget "AnalysisGraph" */;
			buildPhases = (
				18C66755224513E100D261EB /* Sources */,
				18C66756224513E100D261EB /* Frameworks */,
				18C66757224513E100D261EB /* Resources */,
			);
			buildRules = (
			);
			dependencies = (
			);
			name = AnalysisGraph;
			productName = AnalysisGraph;
			productReference = 18C66759224513E100D261EB /* AnalysisGraph.app */;
			productType = "com.apple.product-type.application";
		};
/* End PBXNativeTarget section */

/* Begin PBXProject section */
		18C66751224513E100D261EB /* Project object */ = {
			isa = PBXProject;
			attributes = {
				LastSwiftUpdateCheck = 1010;
				LastUpgradeCheck = 1010;
				ORGANIZATIONNAME = com.apple;
				TargetAttributes = {
					18C66758224513E100D261EB = {
						CreatedOnToolsVersion = 10.1;
					};
				};
			};
			buildConfigurationList = 18C66754224513E100D261EB /* Build configuration list for PBXProject "AnalysisGraph" */;
			compatibilityVersion = "Xcode 9.3";
			developmentRegion = en;
			hasScannedForEncodings = 0;
			knownRegions = (
				en,
				Base,
			);
			mainGroup = 18C66750224513E100D261EB;
			productRefGroup = 18C6675A224513E100D261EB /* Products */;
			projectDirPath = "";
			projectRoot = "";
			targets = (
				18C66758224513E100D261EB /* AnalysisGraph */,
			);
		};
/* End PBXProject section */

/* Begin PBXResourcesBuildPhase section */
		18C66757224513E100D261EB /* Resources */ = {
			isa = PBXResourcesBuildPhase;
			buildActionMask = 2147483647;
			files = (
				18C66767224513E400D261EB /* LaunchScreen.storyboard in Resources */,
				18C66764224513E400D261EB /* Assets.xcassets in Resources */,
				18C66762224513E100D261EB /* Main.storyboard in Resources */,
			);
			runOnlyForDeploymentPostprocessing = 0;
		};
/* End PBXResourcesBuildPhase section */

/* Begin PBXSourcesBuildPhase section */
		18C66755224513E100D261EB /* Sources */ = {
			isa = PBXSourcesBuildPhase;
			buildActionMask = 2147483647;
			files = (
				18C667732245195200D261EB /* Shadow_view.swift in Sources */,
				18C6675F224513E100D261EB /* ViewController.swift in Sources */,
				18C667712245168800D261EB /* analy_TVcell.swift in Sources */,
				18C6675D224513E100D261EB /* AppDelegate.swift in Sources */,
			);
			runOnlyForDeploymentPostprocessing = 0;
		};
/* End PBXSourcesBuildPhase section */

/* Begin PBXVariantGroup section */
		18C66760224513E100D261EB /* Main.storyboard */ = {
			isa = PBXVariantGroup;
			children = (
				18C66761224513E100D261EB /* Base */,
			);
			name = Main.storyboard;
			sourceTree = "<group>";
		};
		18C66765224513E400D261EB /* LaunchScreen.storyboard */ = {
			isa = PBXVariantGroup;
			children = (
				18C66766224513E400D261EB /* Base */,
			);
			name = LaunchScreen.storyboard;
			sourceTree = "<group>";
		};
/* End PBXVariantGroup section */

/* Begin XCBuildConfiguration section */
		18C66769224513E400D261EB /* Debug */ = {
			isa = XCBuildConfiguration;
			buildSettings = {
				ALWAYS_SEARCH_USER_PATHS = NO;
				CLANG_ANALYZER_NONNULL = YES;
				CLANG_ANALYZER_NUMBER_OBJECT_CONVERSION = YES_AGGRESSIVE;
				CLANG_CXX_LANGUAGE_STANDARD = "gnu++14";
				CLANG_CXX_LIBRARY = "libc++";
				CLANG_ENABLE_MODULES = YES;
				CLANG_ENABLE_OBJC_ARC = YES;
				CLANG_ENABLE_OBJC_WEAK = YES;
				CLANG_WARN_BLOCK_CAPTURE_AUTORELEASING = YES;
				CLANG_WARN_BOOL_CONVERSION = YES;
				CLANG_WARN_COMMA = YES;
				CLANG_WARN_CONSTANT_CONVERSION = YES;
				CLANG_WARN_DEPRECATED_OBJC_IMPLEMENTATIONS = YES;
				CLANG_WARN_DIRECT_OBJC_ISA_USAGE = YES_ERROR;
				CLANG_WARN_DOCUMENTATION_COMMENTS = YES;
				CLANG_WARN_EMPTY_BODY = YES;
				CLANG_WARN_ENUM_CONVERSION = YES;
				CLANG_WARN_INFINITE_RECURSION = YES;
				CLANG_WARN_INT_CONVERSION = YES;
				CLANG_WARN_NON_LITERAL_NULL_CONVERSION = YES;
				CLANG_WARN_OBJC_IMPLICIT_RETAIN_SELF = YES;
				CLANG_WARN_OBJC_LITERAL_CONVERSION = YES;
				CLANG_WARN_OBJC_ROOT_CLASS = YES_ERROR;
				CLANG_WARN_RANGE_LOOP_ANALYSIS = YES;
				CLANG_WARN_STRICT_PROTOTYPES = YES;
				CLANG_WARN_SUSPICIOUS_MOVE = YES;
				CLANG_WARN_UNGUARDED_AVAILABILITY = YES_AGGRESSIVE;
				CLANG_WARN_UNREACHABLE_CODE = YES;
				CLANG_WARN__DUPLICATE_METHOD_MATCH = YES;
				CODE_SIGN_IDENTITY = "iPhone Developer";
				COPY_PHASE_STRIP = NO;
				DEBUG_INFORMATION_FORMAT = dwarf;
				ENABLE_STRICT_OBJC_MSGSEND = YES;
				ENABLE_TESTABILITY = YES;
				GCC_C_LANGUAGE_STANDARD = gnu11;
				GCC_DYNAMIC_NO_PIC = NO;
				GCC_NO_COMMON_BLOCKS = YES;
				GCC_OPTIMIZATION_LEVEL = 0;
				GCC_PREPROCESSOR_DEFINITIONS = (
					"DEBUG=1",
					"$(inherited)",
				);
				GCC_WARN_64_TO_32_BIT_CONVERSION = YES;
				GCC_WARN_ABOUT_RETURN_TYPE = YES_ERROR;
				GCC_WARN_UNDECLARED_SELECTOR = YES;
				GCC_WARN_UNINITIALIZED_AUTOS = YES_AGGRESSIVE;
				GCC_WARN_UNUSED_FUNCTION = YES;
				GCC_WARN_UNUSED_VARIABLE = YES;
				IPHONEOS_DEPLOYMENT_TARGET = 12.1;
				MTL_ENABLE_DEBUG_INFO = INCLUDE_SOURCE;
				MTL_FAST_MATH = YES;
				ONLY_ACTIVE_ARCH = YES;
				SDKROOT = iphoneos;
				SWIFT_ACTIVE_COMPILATION_CONDITIONS = DEBUG;
				SWIFT_OPTIMIZATION_LEVEL = "-Onone";
			};
			name = Debug;
		};
		18C6676A224513E400D261EB /* Release */ = {
			isa = XCBuildConfiguration;
			buildSettings = {
				ALWAYS_SEARCH_USER_PATHS = NO;
				CLANG_ANALYZER_NONNULL = YES;
				CLANG_ANALYZER_NUMBER_OBJECT_CONVERSION = YES_AGGRESSIVE;
				CLANG_CXX_LANGUAGE_STANDARD = "gnu++14";
				CLANG_CXX_LIBRARY = "libc++";
				CLANG_ENABLE_MODULES = YES;
				CLANG_ENABLE_OBJC_ARC = YES;
				CLANG_ENABLE_OBJC_WEAK = YES;
				CLANG_WARN_BLOCK_CAPTURE_AUTORELEASING = YES;
				CLANG_WARN_BOOL_CONVERSION = YES;
				CLANG_WARN_COMMA = YES;
				CLANG_WARN_CONSTANT_CONVERSION = YES;
				CLANG_WARN_DEPRECATED_OBJC_IMPLEMENTATIONS = YES;
				CLANG_WARN_DIRECT_OBJC_ISA_USAGE = YES_ERROR;
				CLANG_WARN_DOCUMENTATION_COMMENTS = YES;
				CLANG_WARN_EMPTY_BODY = YES;
				CLANG_WARN_ENUM_CONVERSION = YES;
				CLANG_WARN_INFINITE_RECURSION = YES;
				CLANG_WARN_INT_CONVERSION = YES;
				CLANG_WARN_NON_LITERAL_NULL_CONVERSION = YES;
				CLANG_WARN_OBJC_IMPLICIT_RETAIN_SELF = YES;
				CLANG_WARN_OBJC_LITERAL_CONVERSION = YES;
				CLANG_WARN_OBJC_ROOT_CLASS = YES_ERROR;
				CLANG_WARN_RANGE_LOOP_ANALYSIS = YES;
				CLANG_WARN_STRICT_PROTOTYPES = YES;
				CLANG_WARN_SUSPICIOUS_MOVE = YES;
				CLANG_WARN_UNGUARDED_AVAILABILITY = YES_AGGRESSIVE;
				CLANG_WARN_UNREACHABLE_CODE = YES;
				CLANG_WARN__DUPLICATE_METHOD_MATCH = YES;
				CODE_SIGN_IDENTITY = "iPhone Developer";
				COPY_PHASE_STRIP = NO;
				DEBUG_INFORMATION_FORMAT = "dwarf-with-dsym";
				ENABLE_NS_ASSERTIONS = NO;
				ENABLE_STRICT_OBJC_MSGSEND = YES;
				GCC_C_LANGUAGE_STANDARD = gnu11;
				GCC_NO_COMMON_BLOCKS = YES;
				GCC_WARN_64_TO_32_BIT_CONVERSION = YES;
				GCC_WARN_ABOUT_RETURN_TYPE = YES_ERROR;
				GCC_WARN_UNDECLARED_SELECTOR = YES;
				GCC_WARN_UNINITIALIZED_AUTOS = YES_AGGRESSIVE;
				GCC_WARN_UNUSED_FUNCTION = YES;
				GCC_WARN_UNUSED_VARIABLE = YES;
				IPHONEOS_DEPLOYMENT_TARGET = 12.1;
				MTL_ENABLE_DEBUG_INFO = NO;
				MTL_FAST_MATH = YES;
				SDKROOT = iphoneos;
				SWIFT_COMPILATION_MODE = wholemodule;
				SWIFT_OPTIMIZATION_LEVEL = "-O";
				VALIDATE_PRODUCT = YES;
			};
			name = Release;
		};
		18C6676C224513E400D261EB /* Debug */ = {
			isa = XCBuildConfiguration;
			buildSettings = {
				ASSETCATALOG_COMPILER_APPICON_NAME = AppIcon;
				CODE_SIGN_STYLE = Automatic;
				DEVELOPMENT_TEAM = 5636RQQHQZ;
				INFOPLIST_FILE = AnalysisGraph/Info.plist;
				LD_RUNPATH_SEARCH_PATHS = (
					"$(inherited)",
					"@executable_path/Frameworks",
				);
				PRODUCT_BUNDLE_IDENTIFIER = mct.AnalysisGraph;
				PRODUCT_NAME = "$(TARGET_NAME)";
				SWIFT_VERSION = 4.2;
				TARGETED_DEVICE_FAMILY = "1,2";
			};
			name = Debug;
		};
		18C6676D224513E400D261EB /* Release */ = {
			isa = XCBuildConfiguration;
			buildSettings = {
				ASSETCATALOG_COMPILER_APPICON_NAME = AppIcon;
				CODE_SIGN_STYLE = Automatic;
				DEVELOPMENT_TEAM = 5636RQQHQZ;
				INFOPLIST_FILE = AnalysisGraph/Info.plist;
				LD_RUNPATH_SEARCH_PATHS = (
					"$(inherited)",
					"@executable_path/Frameworks",
				);
				PRODUCT_BUNDLE_IDENTIFIER = mct.AnalysisGraph;
				PRODUCT_NAME = "$(TARGET_NAME)";
				SWIFT_VERSION = 4.2;
				TARGETED_DEVICE_FAMILY = "1,2";
			};
			name = Release;
		};
/* End XCBuildConfiguration section */

/* Begin XCConfigurationList section */
		18C66754224513E100D261EB /* Build configuration list for PBXProject "AnalysisGraph" */ = {
			isa = XCConfigurationList;
			buildConfigurations = (
				18C66769224513E400D261EB /* Debug */,
				18C6676A224513E400D261EB /* Release */,
			);
			defaultConfigurationIsVisible = 0;
			defaultConfigurationName = Release;
		};
		18C6676B224513E400D261EB /* Build configuration list for PBXNativeTarget "AnalysisGraph" */ = {
			isa = XCConfigurationList;
			buildConfigurations = (
				18C6676C224513E400D261EB /* Debug */,
				18C6676D224513E400D261EB /* Release */,
			);
			defaultConfigurationIsVisible = 0;
			defaultConfigurationName = Release;
		};
/* End XCConfigurationList section */
	};
	rootObject = 18C66751224513E100D261EB /* Project object */;
}
